
Microsoft Visual Studio Solution File, Format Version 12.00
# Visual Studio Version 17
VisualStudioVersion = 17.4.33205.214
MinimumVisualStudioVersion = 10.0.40219.1
Project("{FAE04EC0-301F-11D3-BF4B-00C04F79EFBC}") = "EP1_YamilethMollocano.Android", "EP1_YamilethMollocano.Android\EP1_YamilethMollocano.Android.csproj", "{B7F356D8-DA75-400B-A444-8C99BD2A5D27}"
EndProject
Project("{FAE04EC0-301F-11D3-BF4B-00C04F79EFBC}") = "EP1_YamilethMollocano.iOS", "EP1_YamilethMollocano.iOS\EP1_YamilethMollocano.iOS.csproj", "{8B7F8E13-3F6E-43CE-9D7D-9516D71F0BAA}"
EndProject
Project("{FAE04EC0-301F-11D3-BF4B-00C04F79EFBC}") = "EP1_YamilethMollocano", "EP1_YamilethMollocano\EP1_YamilethMollocano.csproj", "{E3632E93-1D87-4C81-B8A9-A17FB1EC2E9A}"
EndProject
Global
	GlobalSection(SolutionConfigurationPlatforms) = preSolution
		Debug|Any CPU = Debug|Any CPU
		Debug|iPhone = Debug|iPhone
		Debug|iPhoneSimulator = Debug|iPhoneSimulator
		Release|Any CPU = Release|Any CPU
		Release|iPhone = Release|iPhone
		Release|iPhoneSimulator = Release|iPhoneSimulator
	EndGlobalSection
	GlobalSection(ProjectConfigurationPlatforms) = postSolution
		{B7F356D8-DA75-400B-A444-8C99BD2A5D27}.Debug|Any CPU.ActiveCfg = Debug|Any CPU
		{B7F356D8-DA75-400B-A444-8C99BD2A5D27}.Debug|Any CPU.Build.0 = Debug|Any CPU
		{B7F356D8-DA75-400B-A444-8C99BD2A5D27}.Debug|Any CPU.Deploy.0 = Debug|Any CPU
		{B7F356D8-DA75-400B-A444-8C99BD2A5D27}.Debug|iPhone.ActiveCfg = Debug|Any CPU
		{B7F356D8-DA75-400B-A444-8C99BD2A5D27}.Debug|iPhone.Build.0 = Debug|Any CPU
		{B7F356D8-DA75-400B-A444-8C99BD2A5D27}.Debug|iPhone.Deploy.0 = Debug|Any CPU
		{B7F356D8-DA75-400B-A444-8C99BD2A5D27}.Debug|iPhoneSimulator.ActiveCfg = Debug|Any CPU
		{B7F356D8-DA75-400B-A444-8C99BD2A5D27}.Debug|iPhoneSimulator.Build.0 = Debug|Any CPU
		{B7F356D8-DA75-400B-A444-8C99BD2A5D27}.Debug|iPhoneSimulator.Deploy.0 = Debug|Any CPU
		{B7F356D8-DA75-400B-A444-8C99BD2A5D27}.Release|Any CPU.ActiveCfg = Release|Any CPU
		{B7F356D8-DA75-400B-A444-8C99BD2A5D27}.Release|Any CPU.Build.0 = Release|Any CPU
		{B7F356D8-DA75-400B-A444-8C99BD2A5D27}.Release|Any CPU.Deploy.0 = Release|Any CPU
		{B7F356D8-DA75-400B-A444-8C99BD2A5D27}.Release|iPhone.ActiveCfg = Release|Any CPU
		{B7F356D8-DA75-400B-A444-8C99BD2A5D27}.Release|iPhone.Build.0 = Release|Any CPU
		{B7F356D8-DA75-400B-A444-8C99BD2A5D27}.Release|iPhone.Deploy.0 = Release|Any CPU
		{B7F356D8-DA75-400B-A444-8C99BD2A5D27}.Release|iPhoneSimulator.ActiveCfg = Release|Any CPU
		{B7F356D8-DA75-400B-A444-8C99BD2A5D27}.Release|iPhoneSimulator.Build.0 = Release|Any CPU
		{B7F356D8-DA75-400B-A444-8C99BD2A5D27}.Release|iPhoneSimulator.Deploy.0 = Release|Any CPU
		{8B7F8E13-3F6E-43CE-9D7D-9516D71F0BAA}.Debug|Any CPU.ActiveCfg = Debug|iPhone
		{8B7F8E13-3F6E-43CE-9D7D-9516D71F0BAA}.Debug|Any CPU.Build.0 = Debug|iPhone
		{8B7F8E13-3F6E-43CE-9D7D-9516D71F0BAA}.Debug|Any CPU.Deploy.0 = Debug|iPhone
		{8B7F8E13-3F6E-43CE-9D7D-9516D71F0BAA}.Debug|iPhone.ActiveCfg = Debug|iPhone
		{8B7F8E13-3F6E-43CE-9D7D-9516D71F0BAA}.Debug|iPhone.Build.0 = Debug|iPhone
		{8B7F8E13-3F6E-43CE-9D7D-9516D71F0BAA}.Debug|iPhone.Deploy.0 = Debug|iPhone
		{8B7F8E13-3F6E-43CE-9D7D-9516D71F0BAA}.Debug|iPhoneSimulator.ActiveCfg = Debug|iPhoneSimulator
		{8B7F8E13-3F6E-43CE-9D7D-9516D71F0BAA}.Debug|iPhoneSimulator.Build.0 = Debug|iPhoneSimulator
		{8B7F8E13-3F6E-43CE-9D7D-9516D71F0BAA}.Debug|iPhoneSimulator.Deploy.0 = Debug|iPhoneSimulator
		{8B7F8E13-3F6E-43CE-9D7D-9516D71F0BAA}.Release|Any CPU.ActiveCfg = Release|iPhoneSimulator
		{8B7F8E13-3F6E-43CE-9D7D-9516D71F0BAA}.Release|Any CPU.Build.0 = Release|iPhoneSimulator
		{8B7F8E13-3F6E-43CE-9D7D-9516D71F0BAA}.Release|Any CPU.Deploy.0 = Release|iPhoneSimulator
		{8B7F8E13-3F6E-43CE-9D7D-9516D71F0BAA}.Release|iPhone.ActiveCfg = Release|iPhone
		{8B7F8E13-3F6E-43CE-9D7D-9516D71F0BAA}.Release|iPhone.Build.0 = Release|iPhone
		{8B7F8E13-3F6E-43CE-9D7D-9516D71F0BAA}.Release|iPhone.Deploy.0 = Release|iPhone
		{8B7F8E13-3F6E-43CE-9D7D-9516D71F0BAA}.Release|iPhoneSimulator.ActiveCfg = Release|iPhoneSimulator
		{8B7F8E13-3F6E-43CE-9D7D-9516D71F0BAA}.Release|iPhoneSimulator.Build.0 = Release|iPhoneSimulator
		{8B7F8E13-3F6E-43CE-9D7D-9516D71F0BAA}.Release|iPhoneSimulator.Deploy.0 = Release|iPhoneSimulator
		{E3632E93-1D87-4C81-B8A9-A17FB1EC2E9A}.Debug|Any CPU.ActiveCfg = Debug|Any CPU
		{E3632E93-1D87-4C81-B8A9-A17FB1EC2E9A}.Debug|Any CPU.Build.0 = Debug|Any CPU
		{E3632E93-1D87-4C81-B8A9-A17FB1EC2E9A}.Debug|Any CPU.Deploy.0 = Debug|Any CPU
		{E3632E93-1D87-4C81-B8A9-A17FB1EC2E9A}.Debug|iPhone.ActiveCfg = Debug|Any CPU
		{E3632E93-1D87-4C81-B8A9-A17FB1EC2E9A}.Debug|iPhone.Build.0 = Debug|Any CPU
		{E3632E93-1D87-4C81-B8A9-A17FB1EC2E9A}.Debug|iPhone.Deploy.0 = Debug|Any CPU
		{E3632E93-1D87-4C81-B8A9-A17FB1EC2E9A}.Debug|iPhoneSimulator.ActiveCfg = Debug|Any CPU
		{E3632E93-1D87-4C81-B8A9-A17FB1EC2E9A}.Debug|iPhoneSimulator.Build.0 = Debug|Any CPU
		{E3632E93-1D87-4C81-B8A9-A17FB1EC2E9A}.Debug|iPhoneSimulator.Deploy.0 = Debug|Any CPU
		{E3632E93-1D87-4C81-B8A9-A17FB1EC2E9A}.Release|Any CPU.ActiveCfg = Release|Any CPU
		{E3632E93-1D87-4C81-B8A9-A17FB1EC2E9A}.Release|Any CPU.Build.0 = Release|Any CPU
		{E3632E93-1D87-4C81-B8A9-A17FB1EC2E9A}.Release|Any CPU.Deploy.0 = Release|Any CPU
		{E3632E93-1D87-4C81-B8A9-A17FB1EC2E9A}.Release|iPhone.ActiveCfg = Release|Any CPU
		{E3632E93-1D87-4C81-B8A9-A17FB1EC2E9A}.Release|iPhone.Build.0 = Release|Any CPU
		{E3632E93-1D87-4C81-B8A9-A17FB1EC2E9A}.Release|iPhone.Deploy.0 = Release|Any CPU
		{E3632E93-1D87-4C81-B8A9-A17FB1EC2E9A}.Release|iPhoneSimulator.ActiveCfg = Release|Any CPU
		{E3632E93-1D87-4C81-B8A9-A17FB1EC2E9A}.Release|iPhoneSimulator.Build.0 = Release|Any CPU
		{E3632E93-1D87-4C81-B8A9-A17FB1EC2E9A}.Release|iPhoneSimulator.Deploy.0 = Release|Any CPU
	EndGlobalSection
	GlobalSection(SolutionProperties) = preSolution
		HideSolutionNode = FALSE
	EndGlobalSection
	GlobalSection(ExtensibilityGlobals) = postSolution
		SolutionGuid = {9C9B4405-38E4-4CAE-8738-53A5E5AFBD2F}
	EndGlobalSection
EndGlobal
